// !$*UTF8*$!
{
	archiveVersion = 1;
	classes = {
	};
	objectVersion = 50;
	objects = {

/* Begin PBXBuildFile section */
		287EEB59246CA2CC00D1D873 /* AppDelegate.swift in Sources */ = {isa = PBXBuildFile; fileRef = 287EEB58246CA2CC00D1D873 /* AppDelegate.swift */; };
		287EEB5B246CA2CC00D1D873 /* SceneDelegate.swift in Sources */ = {isa = PBXBuildFile; fileRef = 287EEB5A246CA2CC00D1D873 /* SceneDelegate.swift */; };
		287EEB5D246CA2CC00D1D873 /* ViewController.swift in Sources */ = {isa = PBXBuildFile; fileRef = 287EEB5C246CA2CC00D1D873 /* ViewController.swift */; };
		287EEB60246CA2CC00D1D873 /* Main.storyboard in Resources */ = {isa = PBXBuildFile; fileRef = 287EEB5E246CA2CC00D1D873 /* Main.storyboard */; };
		287EEB62246CA2CD00D1D873 /* Assets.xcassets in Resources */ = {isa = PBXBuildFile; fileRef = 287EEB61246CA2CD00D1D873 /* Assets.xcassets */; };
		287EEB65246CA2CD00D1D873 /* LaunchScreen.storyboard in Resources */ = {isa = PBXBuildFile; fileRef = 287EEB63246CA2CD00D1D873 /* LaunchScreen.storyboard */; };
/* End PBXBuildFile section */

/* Begin PBXFileReference section */
		287EEB55246CA2CC00D1D873 /* Twoviewsapp(learning).app */ = {isa = PBXFileReference; explicitFileType = wrapper.application; includeInIndex = 0; path = "Twoviewsapp(learning).app"; sourceTree = BUILT_PRODUCTS_DIR; };
		287EEB58246CA2CC00D1D873 /* AppDelegate.swift */ = {isa = PBXFileReference; lastKnownFileType = sourcecode.swift; path = AppDelegate.swift; sourceTree = "<group>"; };
		287EEB5A246CA2CC00D1D873 /* SceneDelegate.swift */ = {isa = PBXFileReference; lastKnownFileType = sourcecode.swift; path = SceneDelegate.swift; sourceTree = "<group>"; };
		287EEB5C246CA2CC00D1D873 /* ViewController.swift */ = {isa = PBXFileReference; lastKnownFileType = sourcecode.swift; path = ViewController.swift; sourceTree = "<group>"; };
		287EEB5F246CA2CC00D1D873 /* Base */ = {isa = PBXFileReference; lastKnownFileType = file.storyboard; name = Base; path = Base.lproj/Main.storyboard; sourceTree = "<group>"; };
		287EEB61246CA2CD00D1D873 /* Assets.xcassets */ = {isa = PBXFileReference; lastKnownFileType = folder.assetcatalog; path = Assets.xcassets; sourceTree = "<group>"; };
		287EEB64246CA2CD00D1D873 /* Base */ = {isa = PBXFileReference; lastKnownFileType = file.storyboard; name = Base; path = Base.lproj/LaunchScreen.storyboard; sourceTree = "<group>"; };
		287EEB66246CA2CD00D1D873 /* Info.plist */ = {isa = PBXFileReference; lastKnownFileType = text.plist.xml; path = Info.plist; sourceTree = "<group>"; };
/* End PBXFileReference section */

/* Begin PBXFrameworksBuildPhase section */
		287EEB52246CA2CC00D1D873 /* Frameworks */ = {
			isa = PBXFrameworksBuildPhase;
			buildActionMask = 2147483647;
			files = (
			);
			runOnlyForDeploymentPostprocessing = 0;
		};
/* End PBXFrameworksBuildPhase section */

/* Begin PBXGroup section */
		287EEB4C246CA2CC00D1D873 = {
			isa = PBXGroup;
			children = (
				287EEB57246CA2CC00D1D873 /* Twoviewsapp(learning) */,
				287EEB56246CA2CC00D1D873 /* Products */,
			);
			sourceTree = "<group>";
		};
		287EEB56246CA2CC00D1D873 /* Products */ = {
			isa = PBXGroup;
			children = (
				287EEB55246CA2CC00D1D873 /* Twoviewsapp(learning).app */,
			);
			name = Products;
			sourceTree = "<group>";
		};
		287EEB57246CA2CC00D1D873 /* Twoviewsapp(learning) */ = {
			isa = PBXGroup;
			children = (
				287EEB58246CA2CC00D1D873 /* AppDelegate.swift */,
				287EEB5A246CA2CC00D1D873 /* SceneDelegate.swift */,
				287EEB5C246CA2CC00D1D873 /* ViewController.swift */,
				287EEB5E246CA2CC00D1D873 /* Main.storyboard */,
				287EEB61246CA2CD00D1D873 /* Assets.xcassets */,
				287EEB63246CA2CD00D1D873 /* LaunchScreen.storyboard */,
				287EEB66246CA2CD00D1D873 /* Info.plist */,
			);
			path = "Twoviewsapp(learning)";
			sourceTree = "<group>";
		};
/* End PBXGroup section */

/* Begin PBXNativeTarget section */
		287EEB54246CA2CC00D1D873 /* Twoviewsapp(learning) */ = {
			isa = PBXNativeTarget;
			buildConfigurationList = 287EEB69246CA2CD00D1D873 /* Build configuration list for PBXNativeTarget "Twoviewsapp(learning)" */;
			buildPhases = (
				287EEB51246CA2CC00D1D873 /* Sources */,
				287EEB52246CA2CC00D1D873 /* Frameworks */,
				287EEB53246CA2CC00D1D873 /* Resources */,
			);
			buildRules = (
			);
			dependencies = (
			);
			name = "Twoviewsapp(learning)";
			productName = "Twoviewsapp(learning)";
			productReference = 287EEB55246CA2CC00D1D873 /* Twoviewsapp(learning).app */;
			productType = "com.apple.product-type.application";
		};
/* End PBXNativeTarget section */

/* Begin PBXProject section */
		287EEB4D246CA2CC00D1D873 /* Project object */ = {
			isa = PBXProject;
			attributes = {
				LastSwiftUpdateCheck = 1140;
				LastUpgradeCheck = 1140;
				ORGANIZATIONNAME = Pheon;
				TargetAttributes = {
					287EEB54246CA2CC00D1D873 = {
						CreatedOnToolsVersion = 11.4.1;
					};
				};
			};
			buildConfigurationList = 287EEB50246CA2CC00D1D873 /* Build configuration list for PBXProject "Twoviewsapp(learning)" */;
			compatibilityVersion = "Xcode 9.3";
			developmentRegion = en;
			hasScannedForEncodings = 0;
			knownRegions = (
				en,
				Base,
			);
			mainGroup = 287EEB4C246CA2CC00D1D873;
			productRefGroup = 287EEB56246CA2CC00D1D873 /* Products */;
			projectDirPath = "";
			projectRoot = "";
			targets = (
				287EEB54246CA2CC00D1D873 /* Twoviewsapp(learning) */,
			);
		};
/* End PBXProject section */

/* Begin PBXResourcesBuildPhase section */
		287EEB53246CA2CC00D1D873 /* Resources */ = {
			isa = PBXResourcesBuildPhase;
			buildActionMask = 2147483647;
			files = (
				287EEB65246CA2CD00D1D873 /* LaunchScreen.storyboard in Resources */,
				287EEB62246CA2CD00D1D873 /* Assets.xcassets in Resources */,
				287EEB60246CA2CC00D1D873 /* Main.storyboard in Resources */,
			);
			runOnlyForDeploymentPostprocessing = 0;
		};
/* End PBXResourcesBuildPhase section */

/* Begin PBXSourcesBuildPhase section */
		287EEB51246CA2CC00D1D873 /* Sources */ = {
			isa = PBXSourcesBuildPhase;
			buildActionMask = 2147483647;
			files = (
				287EEB5D246CA2CC00D1D873 /* ViewController.swift in Sources */,
				287EEB59246CA2CC00D1D873 /* AppDelegate.swift in Sources */,
				287EEB5B246CA2CC00D1D873 /* SceneDelegate.swift in Sources */,
			);
			runOnlyForDeploymentPostprocessing = 0;
		};
/* End PBXSourcesBuildPhase section */

/* Begin PBXVariantGroup section */
		287EEB5E246CA2CC00D1D873 /* Main.storyboard */ = {
			isa = PBXVariantGroup;
			children = (
				287EEB5F246CA2CC00D1D873 /* Base */,
			);
			name = Main.storyboard;
			sourceTree = "<group>";
		};
		287EEB63246CA2CD00D1D873 /* LaunchScreen.storyboard */ = {
			isa = PBXVariantGroup;
			children = (
				287EEB64246CA2CD00D1D873 /* Base */,
			);
			name = LaunchScreen.storyboard;
			sourceTree = "<group>";
		};
/* End PBXVariantGroup section */

/* Begin XCBuildConfiguration section */
		287EEB67246CA2CD00D1D873 /* Debug */ = {
			isa = XCBuildConfiguration;
			buildSettings = {
				ALWAYS_SEARCH_USER_PATHS = NO;
				CLANG_ANALYZER_NONNULL = YES;
				CLANG_ANALYZER_NUMBER_OBJECT_CONVERSION = YES_AGGRESSIVE;
				CLANG_CXX_LANGUAGE_STANDARD = "gnu++14";
				CLANG_CXX_LIBRARY = "libc++";
				CLANG_ENABLE_MODULES = YES;
				CLANG_ENABLE_OBJC_ARC = YES;
				CLANG_ENABLE_OBJC_WEAK = YES;
				CLANG_WARN_BLOCK_CAPTURE_AUTORELEASING = YES;
				CLANG_WARN_BOOL_CONVERSION = YES;
				CLANG_WARN_COMMA = YES;
				CLANG_WARN_CONSTANT_CONVERSION = YES;
				CLANG_WARN_DEPRECATED_OBJC_IMPLEMENTATIONS = YES;
				CLANG_WARN_DIRECT_OBJC_ISA_USAGE = YES_ERROR;
				CLANG_WARN_DOCUMENTATION_COMMENTS = YES;
				CLANG_WARN_EMPTY_BODY = YES;
				CLANG_WARN_ENUM_CONVERSION = YES;
				CLANG_WARN_INFINITE_RECURSION = YES;
				CLANG_WARN_INT_CONVERSION = YES;
				CLANG_WARN_NON_LITERAL_NULL_CONVERSION = YES;
				CLANG_WARN_OBJC_IMPLICIT_RETAIN_SELF = YES;
				CLANG_WARN_OBJC_LITERAL_CONVERSION = YES;
				CLANG_WARN_OBJC_ROOT_CLASS = YES_ERROR;
				CLANG_WARN_RANGE_LOOP_ANALYSIS = YES;
				CLANG_WARN_STRICT_PROTOTYPES = YES;
				CLANG_WARN_SUSPICIOUS_MOVE = YES;
				CLANG_WARN_UNGUARDED_AVAILABILITY = YES_AGGRESSIVE;
				CLANG_WARN_UNREACHABLE_CODE = YES;
				CLANG_WARN__DUPLICATE_METHOD_MATCH = YES;
				COPY_PHASE_STRIP = NO;
				DEBUG_INFORMATION_FORMAT = dwarf;
				ENABLE_STRICT_OBJC_MSGSEND = YES;
				ENABLE_TESTABILITY = YES;
				GCC_C_LANGUAGE_STANDARD = gnu11;
				GCC_DYNAMIC_NO_PIC = NO;
				GCC_NO_COMMON_BLOCKS = YES;
				GCC_OPTIMIZATION_LEVEL = 0;
				GCC_PREPROCESSOR_DEFINITIONS = (
					"DEBUG=1",
					"$(inherited)",
				);
				GCC_WARN_64_TO_32_BIT_CONVERSION = YES;
				GCC_WARN_ABOUT_RETURN_TYPE = YES_ERROR;
				GCC_WARN_UNDECLARED_SELECTOR = YES;
				GCC_WARN_UNINITIALIZED_AUTOS = YES_AGGRESSIVE;
				GCC_WARN_UNUSED_FUNCTION = YES;
				GCC_WARN_UNUSED_VARIABLE = YES;
				IPHONEOS_DEPLOYMENT_TARGET = 13.4;
				MTL_ENABLE_DEBUG_INFO = INCLUDE_SOURCE;
				MTL_FAST_MATH = YES;
				ONLY_ACTIVE_ARCH = YES;
				SDKROOT = iphoneos;
				SWIFT_ACTIVE_COMPILATION_CONDITIONS = DEBUG;
				SWIFT_OPTIMIZATION_LEVEL = "-Onone";
			};
			name = Debug;
		};
		287EEB68246CA2CD00D1D873 /* Release */ = {
			isa = XCBuildConfiguration;
			buildSettings = {
				ALWAYS_SEARCH_USER_PATHS = NO;
				CLANG_ANALYZER_NONNULL = YES;
				CLANG_ANALYZER_NUMBER_OBJECT_CONVERSION = YES_AGGRESSIVE;
				CLANG_CXX_LANGUAGE_STANDARD = "gnu++14";
				CLANG_CXX_LIBRARY = "libc++";
				CLANG_ENABLE_MODULES = YES;
				CLANG_ENABLE_OBJC_ARC = YES;
				CLANG_ENABLE_OBJC_WEAK = YES;
				CLANG_WARN_BLOCK_CAPTURE_AUTORELEASING = YES;
				CLANG_WARN_BOOL_CONVERSION = YES;
				CLANG_WARN_COMMA = YES;
				CLANG_WARN_CONSTANT_CONVERSION = YES;
				CLANG_WARN_DEPRECATED_OBJC_IMPLEMENTATIONS = YES;
				CLANG_WARN_DIRECT_OBJC_ISA_USAGE = YES_ERROR;
				CLANG_WARN_DOCUMENTATION_COMMENTS = YES;
				CLANG_WARN_EMPTY_BODY = YES;
				CLANG_WARN_ENUM_CONVERSION = YES;
				CLANG_WARN_INFINITE_RECURSION = YES;
				CLANG_WARN_INT_CONVERSION = YES;
				CLANG_WARN_NON_LITERAL_NULL_CONVERSION = YES;
				CLANG_WARN_OBJC_IMPLICIT_RETAIN_SELF = YES;
				CLANG_WARN_OBJC_LITERAL_CONVERSION = YES;
				CLANG_WARN_OBJC_ROOT_CLASS = YES_ERROR;
				CLANG_WARN_RANGE_LOOP_ANALYSIS = YES;
				CLANG_WARN_STRICT_PROTOTYPES = YES;
				CLANG_WARN_SUSPICIOUS_MOVE = YES;
				CLANG_WARN_UNGUARDED_AVAILABILITY = YES_AGGRESSIVE;
				CLANG_WARN_UNREACHABLE_CODE = YES;
				CLANG_WARN__DUPLICATE_METHOD_MATCH = YES;
				COPY_PHASE_STRIP = NO;
				DEBUG_INFORMATION_FORMAT = "dwarf-with-dsym";
				ENABLE_NS_ASSERTIONS = NO;
				ENABLE_STRICT_OBJC_MSGSEND = YES;
				GCC_C_LANGUAGE_STANDARD = gnu11;
				GCC_NO_COMMON_BLOCKS = YES;
				GCC_WARN_64_TO_32_BIT_CONVERSION = YES;
				GCC_WARN_ABOUT_RETURN_TYPE = YES_ERROR;
				GCC_WARN_UNDECLARED_SELECTOR = YES;
				GCC_WARN_UNINITIALIZED_AUTOS = YES_AGGRESSIVE;
				GCC_WARN_UNUSED_FUNCTION = YES;
				GCC_WARN_UNUSED_VARIABLE = YES;
				IPHONEOS_DEPLOYMENT_TARGET = 13.4;
				MTL_ENABLE_DEBUG_INFO = NO;
				MTL_FAST_MATH = YES;
				SDKROOT = iphoneos;
				SWIFT_COMPILATION_MODE = wholemodule;
				SWIFT_OPTIMIZATION_LEVEL = "-O";
				VALIDATE_PRODUCT = YES;
			};
			name = Release;
		};
		287EEB6A246CA2CD00D1D873 /* Debug */ = {
			isa = XCBuildConfiguration;
			buildSettings = {
				ASSETCATALOG_COMPILER_APPICON_NAME = AppIcon;
				CODE_SIGN_STYLE = Automatic;
				DEVELOPMENT_TEAM = C556CLPXWW;
				INFOPLIST_FILE = "Twoviewsapp(learning)/Info.plist";
				LD_RUNPATH_SEARCH_PATHS = (
					"$(inherited)",
					"@executable_path/Frameworks",
				);
				PRODUCT_BUNDLE_IDENTIFIER = "ua.pheon.Twoviewsapp-learning-";
				PRODUCT_NAME = "$(TARGET_NAME)";
				SWIFT_VERSION = 5.0;
				TARGETED_DEVICE_FAMILY = "1,2";
			};
			name = Debug;
		};
		287EEB6B246CA2CD00D1D873 /* Release */ = {
			isa = XCBuildConfiguration;
			buildSettings = {
				ASSETCATALOG_COMPILER_APPICON_NAME = AppIcon;
				CODE_SIGN_STYLE = Automatic;
				DEVELOPMENT_TEAM = C556CLPXWW;
				INFOPLIST_FILE = "Twoviewsapp(learning)/Info.plist";
				LD_RUNPATH_SEARCH_PATHS = (
					"$(inherited)",
					"@executable_path/Frameworks",
				);
				PRODUCT_BUNDLE_IDENTIFIER = "ua.pheon.Twoviewsapp-learning-";
				PRODUCT_NAME = "$(TARGET_NAME)";
				SWIFT_VERSION = 5.0;
				TARGETED_DEVICE_FAMILY = "1,2";
			};
			name = Release;
		};
/* End XCBuildConfiguration section */

/* Begin XCConfigurationList section */
		287EEB50246CA2CC00D1D873 /* Build configuration list for PBXProject "Twoviewsapp(learning)" */ = {
			isa = XCConfigurationList;
			buildConfigurations = (
				287EEB67246CA2CD00D1D873 /* Debug */,
				287EEB68246CA2CD00D1D873 /* Release */,
			);
			defaultConfigurationIsVisible = 0;
			defaultConfigurationName = Release;
		};
		287EEB69246CA2CD00D1D873 /* Build configuration list for PBXNativeTarget "Twoviewsapp(learning)" */ = {
			isa = XCConfigurationList;
			buildConfigurations = (
				287EEB6A246CA2CD00D1D873 /* Debug */,
				287EEB6B246CA2CD00D1D873 /* Release */,
			);
			defaultConfigurationIsVisible = 0;
			defaultConfigurationName = Release;
		};
/* End XCConfigurationList section */
	};
	rootObject = 287EEB4D246CA2CC00D1D873 /* Project object */;
}
